
Microsoft Visual Studio Solution File, Format Version 12.00
Project("{FAE04EC0-301F-11D3-BF4B-00C04F79EFBC}") = "Pico.EventStream", "Pico.EventStream\Pico.EventStream.csproj", "{733EDDCD-2015-4852-93DB-7CDAAA99955A}"
EndProject
Project("{FAE04EC0-301F-11D3-BF4B-00C04F79EFBC}") = "Pico.LinQ.Extensions", "Pico.LinQ.Extensions\Pico.LinQ.Extensions.csproj", "{C0906A0D-9ABD-4721-B353-F4C8246E507F}"
EndProject
Project("{FAE04EC0-301F-11D3-BF4B-00C04F79EFBC}") = "Pico.EventStream.Persistence.BlobStorage", "Pico.EventStream.Persistence.BlobStorage\Pico.EventStream.Persistence.BlobStorage.csproj", "{2BF93569-16A5-4241-9D07-FB523A0E58D3}"
EndProject
Global
	GlobalSection(SolutionConfigurationPlatforms) = preSolution
		Debug|Any CPU = Debug|Any CPU
		Release|Any CPU = Release|Any CPU
	EndGlobalSection
	GlobalSection(ProjectConfigurationPlatforms) = postSolution
		{733EDDCD-2015-4852-93DB-7CDAAA99955A}.Debug|Any CPU.ActiveCfg = Debug|Any CPU
		{733EDDCD-2015-4852-93DB-7CDAAA99955A}.Debug|Any CPU.Build.0 = Debug|Any CPU
		{733EDDCD-2015-4852-93DB-7CDAAA99955A}.Release|Any CPU.ActiveCfg = Release|Any CPU
		{733EDDCD-2015-4852-93DB-7CDAAA99955A}.Release|Any CPU.Build.0 = Release|Any CPU
		{C0906A0D-9ABD-4721-B353-F4C8246E507F}.Debug|Any CPU.ActiveCfg = Debug|Any CPU
		{C0906A0D-9ABD-4721-B353-F4C8246E507F}.Debug|Any CPU.Build.0 = Debug|Any CPU
		{C0906A0D-9ABD-4721-B353-F4C8246E507F}.Release|Any CPU.ActiveCfg = Release|Any CPU
		{C0906A0D-9ABD-4721-B353-F4C8246E507F}.Release|Any CPU.Build.0 = Release|Any CPU
		{2BF93569-16A5-4241-9D07-FB523A0E58D3}.Debug|Any CPU.ActiveCfg = Debug|Any CPU
		{2BF93569-16A5-4241-9D07-FB523A0E58D3}.Debug|Any CPU.Build.0 = Debug|Any CPU
		{2BF93569-16A5-4241-9D07-FB523A0E58D3}.Release|Any CPU.ActiveCfg = Release|Any CPU
		{2BF93569-16A5-4241-9D07-FB523A0E58D3}.Release|Any CPU.Build.0 = Release|Any CPU
	EndGlobalSection
EndGlobal
