
Microsoft Visual Studio Solution File, Format Version 12.00
Project("{FAE04EC0-301F-11D3-BF4B-00C04F79EFBC}") = "Pico.EventSource", "Pico.EventSource\Pico.EventSource.csproj", "{733EDDCD-2015-4852-93DB-7CDAAA99955A}"
EndProject
Project("{FAE04EC0-301F-11D3-BF4B-00C04F79EFBC}") = "Pico.EventSource.LinQ.Extensions", "Pico.EventSource.LinQ.Extensions\Pico.EventSource.LinQ.Extensions.csproj", "{C0906A0D-9ABD-4721-B353-F4C8246E507F}"
EndProject
Project("{FAE04EC0-301F-11D3-BF4B-00C04F79EFBC}") = "Pico.EventSource.Persistence.Azure.BlobStorage", "Pico.EventSource.Persistence.Azure.BlobStorage\Pico.EventSource.Persistence.Azure.BlobStorage.csproj", "{2BF93569-16A5-4241-9D07-FB523A0E58D3}"
EndProject
Project("{2150E333-8FDC-42A3-9474-1A3956D46DE8}") = "Tests", "Tests", "{F3CA552F-E747-4E8E-9378-1CE4A43F2047}"
EndProject
Project("{2150E333-8FDC-42A3-9474-1A3956D46DE8}") = "Src", "Src", "{95A36244-4B70-4D0D-B44D-1FC4A6534763}"
EndProject
Project("{FAE04EC0-301F-11D3-BF4B-00C04F79EFBC}") = "Pico.EventSource.Tests", "Pico.EventSource.Tests\Pico.EventSource.Tests.csproj", "{199F5269-2AAB-4505-8868-8A839D94D522}"
EndProject
Global
	GlobalSection(SolutionConfigurationPlatforms) = preSolution
		Debug|Any CPU = Debug|Any CPU
		Release|Any CPU = Release|Any CPU
	EndGlobalSection
	GlobalSection(ProjectConfigurationPlatforms) = postSolution
		{733EDDCD-2015-4852-93DB-7CDAAA99955A}.Debug|Any CPU.ActiveCfg = Debug|Any CPU
		{733EDDCD-2015-4852-93DB-7CDAAA99955A}.Debug|Any CPU.Build.0 = Debug|Any CPU
		{733EDDCD-2015-4852-93DB-7CDAAA99955A}.Release|Any CPU.ActiveCfg = Release|Any CPU
		{733EDDCD-2015-4852-93DB-7CDAAA99955A}.Release|Any CPU.Build.0 = Release|Any CPU
		{C0906A0D-9ABD-4721-B353-F4C8246E507F}.Debug|Any CPU.ActiveCfg = Debug|Any CPU
		{C0906A0D-9ABD-4721-B353-F4C8246E507F}.Debug|Any CPU.Build.0 = Debug|Any CPU
		{C0906A0D-9ABD-4721-B353-F4C8246E507F}.Release|Any CPU.ActiveCfg = Release|Any CPU
		{C0906A0D-9ABD-4721-B353-F4C8246E507F}.Release|Any CPU.Build.0 = Release|Any CPU
		{2BF93569-16A5-4241-9D07-FB523A0E58D3}.Debug|Any CPU.ActiveCfg = Debug|Any CPU
		{2BF93569-16A5-4241-9D07-FB523A0E58D3}.Debug|Any CPU.Build.0 = Debug|Any CPU
		{2BF93569-16A5-4241-9D07-FB523A0E58D3}.Release|Any CPU.ActiveCfg = Release|Any CPU
		{2BF93569-16A5-4241-9D07-FB523A0E58D3}.Release|Any CPU.Build.0 = Release|Any CPU
		{199F5269-2AAB-4505-8868-8A839D94D522}.Debug|Any CPU.ActiveCfg = Debug|Any CPU
		{199F5269-2AAB-4505-8868-8A839D94D522}.Debug|Any CPU.Build.0 = Debug|Any CPU
		{199F5269-2AAB-4505-8868-8A839D94D522}.Release|Any CPU.ActiveCfg = Release|Any CPU
		{199F5269-2AAB-4505-8868-8A839D94D522}.Release|Any CPU.Build.0 = Release|Any CPU
	EndGlobalSection
	GlobalSection(NestedProjects) = preSolution
		{733EDDCD-2015-4852-93DB-7CDAAA99955A} = {95A36244-4B70-4D0D-B44D-1FC4A6534763}
		{C0906A0D-9ABD-4721-B353-F4C8246E507F} = {95A36244-4B70-4D0D-B44D-1FC4A6534763}
		{2BF93569-16A5-4241-9D07-FB523A0E58D3} = {95A36244-4B70-4D0D-B44D-1FC4A6534763}
		{199F5269-2AAB-4505-8868-8A839D94D522} = {F3CA552F-E747-4E8E-9378-1CE4A43F2047}
	EndGlobalSection
EndGlobal
